
Microsoft Visual Studio Solution File, Format Version 12.00
# Visual Studio Version 17
VisualStudioVersion = 17.9.34723.18
MinimumVisualStudioVersion = 10.0.40219.1
Project("{FAE04EC0-301F-11D3-BF4B-00C04F79EFBC}") = "WebApp", "WebApp.csproj", "{211D1D10-26C6-4F95-BA0A-517FA06ADD37}"
EndProject
Global
	GlobalSection(SolutionConfigurationPlatforms) = preSolution
		Debug|Any CPU = Debug|Any CPU
		Release|Any CPU = Release|Any CPU
	EndGlobalSection
	GlobalSection(ProjectConfigurationPlatforms) = postSolution
		{211D1D10-26C6-4F95-BA0A-517FA06ADD37}.Debug|Any CPU.ActiveCfg = Debug|Any CPU
		{211D1D10-26C6-4F95-BA0A-517FA06ADD37}.Debug|Any CPU.Build.0 = Debug|Any CPU
		{211D1D10-26C6-4F95-BA0A-517FA06ADD37}.Release|Any CPU.ActiveCfg = Release|Any CPU
		{211D1D10-26C6-4F95-BA0A-517FA06ADD37}.Release|Any CPU.Build.0 = Release|Any CPU
	EndGlobalSection
	GlobalSection(SolutionProperties) = preSolution
		HideSolutionNode = FALSE
	EndGlobalSection
	GlobalSection(ExtensibilityGlobals) = postSolution
		SolutionGuid = {2EFFAFE5-42E8-414B-A0A1-C0083909EB44}
	EndGlobalSection
EndGlobal
