
Microsoft Visual Studio Solution File, Format Version 12.00
# Visual Studio Version 17
VisualStudioVersion = 17.9.34723.18
MinimumVisualStudioVersion = 10.0.40219.1
Project("{FAE04EC0-301F-11D3-BF4B-00C04F79EFBC}") = "PartyInvites", "PartyInvites.csproj", "{31D24CDA-C3D6-4855-A542-46533E827C0E}"
EndProject
Global
	GlobalSection(SolutionConfigurationPlatforms) = preSolution
		Debug|Any CPU = Debug|Any CPU
		Release|Any CPU = Release|Any CPU
	EndGlobalSection
	GlobalSection(ProjectConfigurationPlatforms) = postSolution
		{31D24CDA-C3D6-4855-A542-46533E827C0E}.Debug|Any CPU.ActiveCfg = Debug|Any CPU
		{31D24CDA-C3D6-4855-A542-46533E827C0E}.Debug|Any CPU.Build.0 = Debug|Any CPU
		{31D24CDA-C3D6-4855-A542-46533E827C0E}.Release|Any CPU.ActiveCfg = Release|Any CPU
		{31D24CDA-C3D6-4855-A542-46533E827C0E}.Release|Any CPU.Build.0 = Release|Any CPU
	EndGlobalSection
	GlobalSection(SolutionProperties) = preSolution
		HideSolutionNode = FALSE
	EndGlobalSection
	GlobalSection(ExtensibilityGlobals) = postSolution
		SolutionGuid = {DD28FE36-7615-412B-B7C8-F0BC1B9DAE2D}
	EndGlobalSection
EndGlobal
